
Microsoft Visual Studio Solution File, Format Version 12.00
# Visual Studio Version 17
VisualStudioVersion = 17.1.32210.238
MinimumVisualStudioVersion = 10.0.40219.1
Project("{FAE04EC0-301F-11D3-BF4B-00C04F79EFBC}") = "Lab7", "Lab7\Lab7.csproj", "{1AC1DA64-5898-4F49-B863-6F4F59302DF6}"
EndProject
Global
	GlobalSection(SolutionConfigurationPlatforms) = preSolution
		Debug|Any CPU = Debug|Any CPU
		Release|Any CPU = Release|Any CPU
	EndGlobalSection
	GlobalSection(ProjectConfigurationPlatforms) = postSolution
		{1AC1DA64-5898-4F49-B863-6F4F59302DF6}.Debug|Any CPU.ActiveCfg = Debug|Any CPU
		{1AC1DA64-5898-4F49-B863-6F4F59302DF6}.Debug|Any CPU.Build.0 = Debug|Any CPU
		{1AC1DA64-5898-4F49-B863-6F4F59302DF6}.Release|Any CPU.ActiveCfg = Release|Any CPU
		{1AC1DA64-5898-4F49-B863-6F4F59302DF6}.Release|Any CPU.Build.0 = Release|Any CPU
	EndGlobalSection
	GlobalSection(SolutionProperties) = preSolution
		HideSolutionNode = FALSE
	EndGlobalSection
	GlobalSection(ExtensibilityGlobals) = postSolution
		SolutionGuid = {4C8C9922-BA02-4E74-8431-61247369B7A2}
	EndGlobalSection
EndGlobal
