
Microsoft Visual Studio Solution File, Format Version 12.00
# Visual Studio Version 17
VisualStudioVersion = 17.1.32210.238
MinimumVisualStudioVersion = 10.0.40219.1
Project("{FAE04EC0-301F-11D3-BF4B-00C04F79EFBC}") = "Lab_4_10_04_2022", "Lab_4_10_04_2022\Lab_4_10_04_2022.csproj", "{35438AB4-B8FE-45D4-BFC2-2CA4AE803CEE}"
EndProject
Global
	GlobalSection(SolutionConfigurationPlatforms) = preSolution
		Debug|Any CPU = Debug|Any CPU
		Release|Any CPU = Release|Any CPU
	EndGlobalSection
	GlobalSection(ProjectConfigurationPlatforms) = postSolution
		{35438AB4-B8FE-45D4-BFC2-2CA4AE803CEE}.Debug|Any CPU.ActiveCfg = Debug|Any CPU
		{35438AB4-B8FE-45D4-BFC2-2CA4AE803CEE}.Debug|Any CPU.Build.0 = Debug|Any CPU
		{35438AB4-B8FE-45D4-BFC2-2CA4AE803CEE}.Release|Any CPU.ActiveCfg = Release|Any CPU
		{35438AB4-B8FE-45D4-BFC2-2CA4AE803CEE}.Release|Any CPU.Build.0 = Release|Any CPU
	EndGlobalSection
	GlobalSection(SolutionProperties) = preSolution
		HideSolutionNode = FALSE
	EndGlobalSection
	GlobalSection(ExtensibilityGlobals) = postSolution
		SolutionGuid = {50A09613-B692-4E82-87DE-3601F52EB52A}
	EndGlobalSection
EndGlobal
