
Microsoft Visual Studio Solution File, Format Version 12.00
# Visual Studio Version 17
VisualStudioVersion = 17.2.32602.215
MinimumVisualStudioVersion = 10.0.40219.1
Project("{FAE04EC0-301F-11D3-BF4B-00C04F79EFBC}") = "Test", "Test\Test.csproj", "{81C0EF65-4721-45E0-9C32-96F58DD8E483}"
EndProject
Global
	GlobalSection(SolutionConfigurationPlatforms) = preSolution
		Debug|Any CPU = Debug|Any CPU
		Release|Any CPU = Release|Any CPU
	EndGlobalSection
	GlobalSection(ProjectConfigurationPlatforms) = postSolution
		{81C0EF65-4721-45E0-9C32-96F58DD8E483}.Debug|Any CPU.ActiveCfg = Debug|Any CPU
		{81C0EF65-4721-45E0-9C32-96F58DD8E483}.Debug|Any CPU.Build.0 = Debug|Any CPU
		{81C0EF65-4721-45E0-9C32-96F58DD8E483}.Release|Any CPU.ActiveCfg = Release|Any CPU
		{81C0EF65-4721-45E0-9C32-96F58DD8E483}.Release|Any CPU.Build.0 = Release|Any CPU
	EndGlobalSection
	GlobalSection(SolutionProperties) = preSolution
		HideSolutionNode = FALSE
	EndGlobalSection
	GlobalSection(ExtensibilityGlobals) = postSolution
		SolutionGuid = {603BB9BB-BA92-4855-B619-830B0DB4C6BD}
	EndGlobalSection
EndGlobal
