
Microsoft Visual Studio Solution File, Format Version 12.00
# Visual Studio Version 17
VisualStudioVersion = 17.2.32602.215
MinimumVisualStudioVersion = 10.0.40219.1
Project("{FAE04EC0-301F-11D3-BF4B-00C04F79EFBC}") = "Projekt2", "Projekt2\Projekt2.csproj", "{B7C706CA-7F3A-4093-B54A-D874BB2FD35A}"
EndProject
Global
	GlobalSection(SolutionConfigurationPlatforms) = preSolution
		Debug|Any CPU = Debug|Any CPU
		Release|Any CPU = Release|Any CPU
	EndGlobalSection
	GlobalSection(ProjectConfigurationPlatforms) = postSolution
		{B7C706CA-7F3A-4093-B54A-D874BB2FD35A}.Debug|Any CPU.ActiveCfg = Debug|Any CPU
		{B7C706CA-7F3A-4093-B54A-D874BB2FD35A}.Debug|Any CPU.Build.0 = Debug|Any CPU
		{B7C706CA-7F3A-4093-B54A-D874BB2FD35A}.Release|Any CPU.ActiveCfg = Release|Any CPU
		{B7C706CA-7F3A-4093-B54A-D874BB2FD35A}.Release|Any CPU.Build.0 = Release|Any CPU
	EndGlobalSection
	GlobalSection(SolutionProperties) = preSolution
		HideSolutionNode = FALSE
	EndGlobalSection
	GlobalSection(ExtensibilityGlobals) = postSolution
		SolutionGuid = {CB090405-19D9-4969-8B4A-F240279F4947}
	EndGlobalSection
EndGlobal
